
Microsoft Visual Studio Solution File, Format Version 12.00
# Visual Studio Version 17
VisualStudioVersion = 17.0.31903.59
MinimumVisualStudioVersion = 10.0.40219.1
Project("{2150E333-8FDC-42A3-9474-1A3956D46DE8}") = "src", "src", "{827E0CD3-B72D-47B6-A68D-7590B98EB39B}"
EndProject
Project("{FAE04EC0-301F-11D3-BF4B-00C04F79EFBC}") = "Pingboard.Domain", "src\Pingboard.Domain\Pingboard.Domain.csproj", "{7389B68C-61FA-48E8-8118-7FA10BA6F206}"
EndProject
Project("{FAE04EC0-301F-11D3-BF4B-00C04F79EFBC}") = "Pingboard.Application", "src\Pingboard.Application\Pingboard.Application.csproj", "{6846DF86-A8A9-4D4C-99D6-F2EB5B30B3E6}"
EndProject
Project("{FAE04EC0-301F-11D3-BF4B-00C04F79EFBC}") = "Pingboard.Infrastructure", "src\Pingboard.Infrastructure\Pingboard.Infrastructure.csproj", "{4AE8A6BE-5A09-4698-8B7F-1A7C9C4AAEF0}"
EndProject
Project("{FAE04EC0-301F-11D3-BF4B-00C04F79EFBC}") = "Pingboard.Api", "src\Pingboard.Api\Pingboard.Api.csproj", "{003C551B-3260-4D64-8A28-F8F8EDE434B3}"
EndProject
Project("{FAE04EC0-301F-11D3-BF4B-00C04F79EFBC}") = "Pingboard.Worker", "src\Pingboard.Worker\Pingboard.Worker.csproj", "{7D64B7DF-9BBF-4D6D-BD2F-62F1402B7EBE}"
EndProject
Project("{2150E333-8FDC-42A3-9474-1A3956D46DE8}") = "tests", "tests", "{0AB3BF05-4346-4AA6-1389-037BE0695223}"
EndProject
Project("{FAE04EC0-301F-11D3-BF4B-00C04F79EFBC}") = "Pingboard.Domain.Tests", "tests\Pingboard.Domain.Tests\Pingboard.Domain.Tests.csproj", "{2EB47029-30C7-4167-84F7-DB076FCC2921}"
EndProject
Project("{FAE04EC0-301F-11D3-BF4B-00C04F79EFBC}") = "Pingboard.Application.Tests", "tests\Pingboard.Application.Tests\Pingboard.Application.Tests.csproj", "{A62AE4C4-DC1F-4FA3-B848-E61B2E566AC5}"
EndProject
Global
	GlobalSection(SolutionConfigurationPlatforms) = preSolution
		Debug|Any CPU = Debug|Any CPU
		Debug|x64 = Debug|x64
		Debug|x86 = Debug|x86
		Release|Any CPU = Release|Any CPU
		Release|x64 = Release|x64
		Release|x86 = Release|x86
	EndGlobalSection
	GlobalSection(ProjectConfigurationPlatforms) = postSolution
		{7389B68C-61FA-48E8-8118-7FA10BA6F206}.Debug|Any CPU.ActiveCfg = Debug|Any CPU
		{7389B68C-61FA-48E8-8118-7FA10BA6F206}.Debug|Any CPU.Build.0 = Debug|Any CPU
		{7389B68C-61FA-48E8-8118-7FA10BA6F206}.Debug|x64.ActiveCfg = Debug|Any CPU
		{7389B68C-61FA-48E8-8118-7FA10BA6F206}.Debug|x64.Build.0 = Debug|Any CPU
		{7389B68C-61FA-48E8-8118-7FA10BA6F206}.Debug|x86.ActiveCfg = Debug|Any CPU
		{7389B68C-61FA-48E8-8118-7FA10BA6F206}.Debug|x86.Build.0 = Debug|Any CPU
		{7389B68C-61FA-48E8-8118-7FA10BA6F206}.Release|Any CPU.ActiveCfg = Release|Any CPU
		{7389B68C-61FA-48E8-8118-7FA10BA6F206}.Release|Any CPU.Build.0 = Release|Any CPU
		{7389B68C-61FA-48E8-8118-7FA10BA6F206}.Release|x64.ActiveCfg = Release|Any CPU
		{7389B68C-61FA-48E8-8118-7FA10BA6F206}.Release|x64.Build.0 = Release|Any CPU
		{7389B68C-61FA-48E8-8118-7FA10BA6F206}.Release|x86.ActiveCfg = Release|Any CPU
		{7389B68C-61FA-48E8-8118-7FA10BA6F206}.Release|x86.Build.0 = Release|Any CPU
		{6846DF86-A8A9-4D4C-99D6-F2EB5B30B3E6}.Debug|Any CPU.ActiveCfg = Debug|Any CPU
		{6846DF86-A8A9-4D4C-99D6-F2EB5B30B3E6}.Debug|Any CPU.Build.0 = Debug|Any CPU
		{6846DF86-A8A9-4D4C-99D6-F2EB5B30B3E6}.Debug|x64.ActiveCfg = Debug|Any CPU
		{6846DF86-A8A9-4D4C-99D6-F2EB5B30B3E6}.Debug|x64.Build.0 = Debug|Any CPU
		{6846DF86-A8A9-4D4C-99D6-F2EB5B30B3E6}.Debug|x86.ActiveCfg = Debug|Any CPU
		{6846DF86-A8A9-4D4C-99D6-F2EB5B30B3E6}.Debug|x86.Build.0 = Debug|Any CPU
		{6846DF86-A8A9-4D4C-99D6-F2EB5B30B3E6}.Release|Any CPU.ActiveCfg = Release|Any CPU
		{6846DF86-A8A9-4D4C-99D6-F2EB5B30B3E6}.Release|Any CPU.Build.0 = Release|Any CPU
		{6846DF86-A8A9-4D4C-99D6-F2EB5B30B3E6}.Release|x64.ActiveCfg = Release|Any CPU
		{6846DF86-A8A9-4D4C-99D6-F2EB5B30B3E6}.Release|x64.Build.0 = Release|Any CPU
		{6846DF86-A8A9-4D4C-99D6-F2EB5B30B3E6}.Release|x86.ActiveCfg = Release|Any CPU
		{6846DF86-A8A9-4D4C-99D6-F2EB5B30B3E6}.Release|x86.Build.0 = Release|Any CPU
		{4AE8A6BE-5A09-4698-8B7F-1A7C9C4AAEF0}.Debug|Any CPU.ActiveCfg = Debug|Any CPU
		{4AE8A6BE-5A09-4698-8B7F-1A7C9C4AAEF0}.Debug|Any CPU.Build.0 = Debug|Any CPU
		{4AE8A6BE-5A09-4698-8B7F-1A7C9C4AAEF0}.Debug|x64.ActiveCfg = Debug|Any CPU
		{4AE8A6BE-5A09-4698-8B7F-1A7C9C4AAEF0}.Debug|x64.Build.0 = Debug|Any CPU
		{4AE8A6BE-5A09-4698-8B7F-1A7C9C4AAEF0}.Debug|x86.ActiveCfg = Debug|Any CPU
		{4AE8A6BE-5A09-4698-8B7F-1A7C9C4AAEF0}.Debug|x86.Build.0 = Debug|Any CPU
		{4AE8A6BE-5A09-4698-8B7F-1A7C9C4AAEF0}.Release|Any CPU.ActiveCfg = Release|Any CPU
		{4AE8A6BE-5A09-4698-8B7F-1A7C9C4AAEF0}.Release|Any CPU.Build.0 = Release|Any CPU
		{4AE8A6BE-5A09-4698-8B7F-1A7C9C4AAEF0}.Release|x64.ActiveCfg = Release|Any CPU
		{4AE8A6BE-5A09-4698-8B7F-1A7C9C4AAEF0}.Release|x64.Build.0 = Release|Any CPU
		{4AE8A6BE-5A09-4698-8B7F-1A7C9C4AAEF0}.Release|x86.ActiveCfg = Release|Any CPU
		{4AE8A6BE-5A09-4698-8B7F-1A7C9C4AAEF0}.Release|x86.Build.0 = Release|Any CPU
		{003C551B-3260-4D64-8A28-F8F8EDE434B3}.Debug|Any CPU.ActiveCfg = Debug|Any CPU
		{003C551B-3260-4D64-8A28-F8F8EDE434B3}.Debug|Any CPU.Build.0 = Debug|Any CPU
		{003C551B-3260-4D64-8A28-F8F8EDE434B3}.Debug|x64.ActiveCfg = Debug|Any CPU
		{003C551B-3260-4D64-8A28-F8F8EDE434B3}.Debug|x64.Build.0 = Debug|Any CPU
		{003C551B-3260-4D64-8A28-F8F8EDE434B3}.Debug|x86.ActiveCfg = Debug|Any CPU
		{003C551B-3260-4D64-8A28-F8F8EDE434B3}.Debug|x86.Build.0 = Debug|Any CPU
		{003C551B-3260-4D64-8A28-F8F8EDE434B3}.Release|Any CPU.ActiveCfg = Release|Any CPU
		{003C551B-3260-4D64-8A28-F8F8EDE434B3}.Release|Any CPU.Build.0 = Release|Any CPU
		{003C551B-3260-4D64-8A28-F8F8EDE434B3}.Release|x64.ActiveCfg = Release|Any CPU
		{003C551B-3260-4D64-8A28-F8F8EDE434B3}.Release|x64.Build.0 = Release|Any CPU
		{003C551B-3260-4D64-8A28-F8F8EDE434B3}.Release|x86.ActiveCfg = Release|Any CPU
		{003C551B-3260-4D64-8A28-F8F8EDE434B3}.Release|x86.Build.0 = Release|Any CPU
		{7D64B7DF-9BBF-4D6D-BD2F-62F1402B7EBE}.Debug|Any CPU.ActiveCfg = Debug|Any CPU
		{7D64B7DF-9BBF-4D6D-BD2F-62F1402B7EBE}.Debug|Any CPU.Build.0 = Debug|Any CPU
		{7D64B7DF-9BBF-4D6D-BD2F-62F1402B7EBE}.Debug|x64.ActiveCfg = Debug|Any CPU
		{7D64B7DF-9BBF-4D6D-BD2F-62F1402B7EBE}.Debug|x64.Build.0 = Debug|Any CPU
		{7D64B7DF-9BBF-4D6D-BD2F-62F1402B7EBE}.Debug|x86.ActiveCfg = Debug|Any CPU
		{7D64B7DF-9BBF-4D6D-BD2F-62F1402B7EBE}.Debug|x86.Build.0 = Debug|Any CPU
		{7D64B7DF-9BBF-4D6D-BD2F-62F1402B7EBE}.Release|Any CPU.ActiveCfg = Release|Any CPU
		{7D64B7DF-9BBF-4D6D-BD2F-62F1402B7EBE}.Release|Any CPU.Build.0 = Release|Any CPU
		{7D64B7DF-9BBF-4D6D-BD2F-62F1402B7EBE}.Release|x64.ActiveCfg = Release|Any CPU
		{7D64B7DF-9BBF-4D6D-BD2F-62F1402B7EBE}.Release|x64.Build.0 = Release|Any CPU
		{7D64B7DF-9BBF-4D6D-BD2F-62F1402B7EBE}.Release|x86.ActiveCfg = Release|Any CPU
		{7D64B7DF-9BBF-4D6D-BD2F-62F1402B7EBE}.Release|x86.Build.0 = Release|Any CPU
		{2EB47029-30C7-4167-84F7-DB076FCC2921}.Debug|Any CPU.ActiveCfg = Debug|Any CPU
		{2EB47029-30C7-4167-84F7-DB076FCC2921}.Debug|Any CPU.Build.0 = Debug|Any CPU
		{2EB47029-30C7-4167-84F7-DB076FCC2921}.Debug|x64.ActiveCfg = Debug|Any CPU
		{2EB47029-30C7-4167-84F7-DB076FCC2921}.Debug|x64.Build.0 = Debug|Any CPU
		{2EB47029-30C7-4167-84F7-DB076FCC2921}.Debug|x86.ActiveCfg = Debug|Any CPU
		{2EB47029-30C7-4167-84F7-DB076FCC2921}.Debug|x86.Build.0 = Debug|Any CPU
		{2EB47029-30C7-4167-84F7-DB076FCC2921}.Release|Any CPU.ActiveCfg = Release|Any CPU
		{2EB47029-30C7-4167-84F7-DB076FCC2921}.Release|Any CPU.Build.0 = Release|Any CPU
		{2EB47029-30C7-4167-84F7-DB076FCC2921}.Release|x64.ActiveCfg = Release|Any CPU
		{2EB47029-30C7-4167-84F7-DB076FCC2921}.Release|x64.Build.0 = Release|Any CPU
		{2EB47029-30C7-4167-84F7-DB076FCC2921}.Release|x86.ActiveCfg = Release|Any CPU
		{2EB47029-30C7-4167-84F7-DB076FCC2921}.Release|x86.Build.0 = Release|Any CPU
		{A62AE4C4-DC1F-4FA3-B848-E61B2E566AC5}.Debug|Any CPU.ActiveCfg = Debug|Any CPU
		{A62AE4C4-DC1F-4FA3-B848-E61B2E566AC5}.Debug|Any CPU.Build.0 = Debug|Any CPU
		{A62AE4C4-DC1F-4FA3-B848-E61B2E566AC5}.Debug|x64.ActiveCfg = Debug|Any CPU
		{A62AE4C4-DC1F-4FA3-B848-E61B2E566AC5}.Debug|x64.Build.0 = Debug|Any CPU
		{A62AE4C4-DC1F-4FA3-B848-E61B2E566AC5}.Debug|x86.ActiveCfg = Debug|Any CPU
		{A62AE4C4-DC1F-4FA3-B848-E61B2E566AC5}.Debug|x86.Build.0 = Debug|Any CPU
		{A62AE4C4-DC1F-4FA3-B848-E61B2E566AC5}.Release|Any CPU.ActiveCfg = Release|Any CPU
		{A62AE4C4-DC1F-4FA3-B848-E61B2E566AC5}.Release|Any CPU.Build.0 = Release|Any CPU
		{A62AE4C4-DC1F-4FA3-B848-E61B2E566AC5}.Release|x64.ActiveCfg = Release|Any CPU
		{A62AE4C4-DC1F-4FA3-B848-E61B2E566AC5}.Release|x64.Build.0 = Release|Any CPU
		{A62AE4C4-DC1F-4FA3-B848-E61B2E566AC5}.Release|x86.ActiveCfg = Release|Any CPU
		{A62AE4C4-DC1F-4FA3-B848-E61B2E566AC5}.Release|x86.Build.0 = Release|Any CPU
	EndGlobalSection
	GlobalSection(SolutionProperties) = preSolution
		HideSolutionNode = FALSE
	EndGlobalSection
	GlobalSection(NestedProjects) = preSolution
		{7389B68C-61FA-48E8-8118-7FA10BA6F206} = {827E0CD3-B72D-47B6-A68D-7590B98EB39B}
		{6846DF86-A8A9-4D4C-99D6-F2EB5B30B3E6} = {827E0CD3-B72D-47B6-A68D-7590B98EB39B}
		{4AE8A6BE-5A09-4698-8B7F-1A7C9C4AAEF0} = {827E0CD3-B72D-47B6-A68D-7590B98EB39B}
		{003C551B-3260-4D64-8A28-F8F8EDE434B3} = {827E0CD3-B72D-47B6-A68D-7590B98EB39B}
		{7D64B7DF-9BBF-4D6D-BD2F-62F1402B7EBE} = {827E0CD3-B72D-47B6-A68D-7590B98EB39B}
		{2EB47029-30C7-4167-84F7-DB076FCC2921} = {0AB3BF05-4346-4AA6-1389-037BE0695223}
		{A62AE4C4-DC1F-4FA3-B848-E61B2E566AC5} = {0AB3BF05-4346-4AA6-1389-037BE0695223}
	EndGlobalSection
EndGlobal
